// !$*UTF8*$!
{
	archiveVersion = 1;
	classes = {
	};
	objectVersion = 77;
	objects = {

/* Begin PBXBuildFile section */
		F8DA00092F8C2192004A93C7 /* ScreenSproutDeviceActivityMonitor.appex in Embed App Extensions */ = {isa = PBXBuildFile; fileRef = F8DA00012F8C2192004A93C7 /* ScreenSproutDeviceActivityMonitor.appex */; settings = {ATTRIBUTES = (RemoveHeadersOnCopy, ); }; };
		F8FC00092F8C2192004A93C7 /* ScreenSproutShieldConfiguration.appex in Embed App Extensions */ = {isa = PBXBuildFile; fileRef = F8FC00012F8C2192004A93C7 /* ScreenSproutShieldConfiguration.appex */; settings = {ATTRIBUTES = (RemoveHeadersOnCopy, ); }; };
		F8FA00092F8C2192004A93C7 /* ScreenSproutShieldAction.appex in Embed App Extensions */ = {isa = PBXBuildFile; fileRef = F8FA00012F8C2192004A93C7 /* ScreenSproutShieldAction.appex */; settings = {ATTRIBUTES = (RemoveHeadersOnCopy, ); }; };

		F8DA00102F8C2192004A93C7 /* DeviceActivity.framework in Frameworks */ = {isa = PBXBuildFile; fileRef = F8AB00102F8C2192004A93C7 /* DeviceActivity.framework */; };
		F8DA00112F8C2192004A93C7 /* FamilyControls.framework in Frameworks */ = {isa = PBXBuildFile; fileRef = F8AB00112F8C2192004A93C7 /* FamilyControls.framework */; };
		F8DA00122F8C2192004A93C7 /* ManagedSettings.framework in Frameworks */ = {isa = PBXBuildFile; fileRef = F8AB00122F8C2192004A93C7 /* ManagedSettings.framework */; };
		F8FC00102F8C2192004A93C7 /* FamilyControls.framework in Frameworks */ = {isa = PBXBuildFile; fileRef = F8AB00112F8C2192004A93C7 /* FamilyControls.framework */; };
		F8FC00112F8C2192004A93C7 /* ManagedSettings.framework in Frameworks */ = {isa = PBXBuildFile; fileRef = F8AB00122F8C2192004A93C7 /* ManagedSettings.framework */; };
		F8FA00102F8C2192004A93C7 /* FamilyControls.framework in Frameworks */ = {isa = PBXBuildFile; fileRef = F8AB00112F8C2192004A93C7 /* FamilyControls.framework */; };
		F8FA00112F8C2192004A93C7 /* ManagedSettings.framework in Frameworks */ = {isa = PBXBuildFile; fileRef = F8AB00122F8C2192004A93C7 /* ManagedSettings.framework */; };
/* End PBXBuildFile section */

/* Begin PBXContainerItemProxy section */
		F8DA00072F8C2192004A93C7 /* PBXContainerItemProxy */ = {
			isa = PBXContainerItemProxy;
			containerPortal = C3DD2ADB2F8C2192004A93C7 /* Project object */;
			proxyType = 1;
			remoteGlobalIDString = F8DA00032F8C2192004A93C7;
			remoteInfo = ScreenSproutDeviceActivityMonitor;
		};
		F8FC00072F8C2192004A93C7 /* PBXContainerItemProxy */ = {
			isa = PBXContainerItemProxy;
			containerPortal = C3DD2ADB2F8C2192004A93C7 /* Project object */;
			proxyType = 1;
			remoteGlobalIDString = F8FC00032F8C2192004A93C7;
			remoteInfo = ScreenSproutShieldConfiguration;
		};
		F8FA00072F8C2192004A93C7 /* PBXContainerItemProxy */ = {
			isa = PBXContainerItemProxy;
			containerPortal = C3DD2ADB2F8C2192004A93C7 /* Project object */;
			proxyType = 1;
			remoteGlobalIDString = F8FA00032F8C2192004A93C7;
			remoteInfo = ScreenSproutShieldAction;
		};
/* End PBXContainerItemProxy section */

/* Begin PBXCopyFilesBuildPhase section */
		F8DE00012F8C2192004A93C7 /* Embed App Extensions */ = {
			isa = PBXCopyFilesBuildPhase;
			buildActionMask = 2147483647;
			dstPath = "";
			dstSubdirectorySpec = 13;
			files = (
				F8DA00092F8C2192004A93C7 /* ScreenSproutDeviceActivityMonitor.appex in Embed App Extensions */,
				F8FC00092F8C2192004A93C7 /* ScreenSproutShieldConfiguration.appex in Embed App Extensions */,
				F8FA00092F8C2192004A93C7 /* ScreenSproutShieldAction.appex in Embed App Extensions */,
			);
			name = "Embed App Extensions";
			runOnlyForDeploymentPostprocessing = 0;
		};
/* End PBXCopyFilesBuildPhase section */

/* Begin PBXFileReference section */
		C3DD2AE32F8C2192004A93C7 /* ScreenSprout.app */ = {isa = PBXFileReference; explicitFileType = wrapper.application; includeInIndex = 0; path = ScreenSprout.app; sourceTree = BUILT_PRODUCTS_DIR; };
		F8DA00012F8C2192004A93C7 /* ScreenSproutDeviceActivityMonitor.appex */ = {isa = PBXFileReference; explicitFileType = "wrapper.app-extension"; includeInIndex = 0; path = ScreenSproutDeviceActivityMonitor.appex; sourceTree = BUILT_PRODUCTS_DIR; };
		F8FC00012F8C2192004A93C7 /* ScreenSproutShieldConfiguration.appex */ = {isa = PBXFileReference; explicitFileType = "wrapper.app-extension"; includeInIndex = 0; path = ScreenSproutShieldConfiguration.appex; sourceTree = BUILT_PRODUCTS_DIR; };
		F8FA00012F8C2192004A93C7 /* ScreenSproutShieldAction.appex */ = {isa = PBXFileReference; explicitFileType = "wrapper.app-extension"; includeInIndex = 0; path = ScreenSproutShieldAction.appex; sourceTree = BUILT_PRODUCTS_DIR; };

		F8AB00102F8C2192004A93C7 /* DeviceActivity.framework */ = {isa = PBXFileReference; lastKnownFileType = wrapper.framework; name = DeviceActivity.framework; path = System/Library/Frameworks/DeviceActivity.framework; sourceTree = SDKROOT; };
		F8AB00112F8C2192004A93C7 /* FamilyControls.framework */ = {isa = PBXFileReference; lastKnownFileType = wrapper.framework; name = FamilyControls.framework; path = System/Library/Frameworks/FamilyControls.framework; sourceTree = SDKROOT; };
		F8AB00122F8C2192004A93C7 /* ManagedSettings.framework */ = {isa = PBXFileReference; lastKnownFileType = wrapper.framework; name = ManagedSettings.framework; path = System/Library/Frameworks/ManagedSettings.framework; sourceTree = SDKROOT; };
/* End PBXFileReference section */

/* Begin PBXFileSystemSynchronizedBuildFileExceptionSet section */
		F8DA000D2F8C2192004A93C7 /* Exceptions for "ScreenSproutDeviceActivityMonitor" folder in "ScreenSproutDeviceActivityMonitor" target */ = {
			isa = PBXFileSystemSynchronizedBuildFileExceptionSet;
			membershipExceptions = (
				Info.plist,
				ScreenSproutDeviceActivityMonitor.entitlements,
			);
			target = F8DA00032F8C2192004A93C7 /* ScreenSproutDeviceActivityMonitor */;
		};
		F8FC000D2F8C2192004A93C7 /* Exceptions for "ScreenSproutShieldConfiguration" folder in "ScreenSproutShieldConfiguration" target */ = {
			isa = PBXFileSystemSynchronizedBuildFileExceptionSet;
			membershipExceptions = (
				Info.plist,
				ScreenSproutShieldConfiguration.entitlements,
			);
			target = F8FC00032F8C2192004A93C7 /* ScreenSproutShieldConfiguration */;
		};
		F8FA000D2F8C2192004A93C7 /* Exceptions for "ScreenSproutShieldAction" folder in "ScreenSproutShieldAction" target */ = {
			isa = PBXFileSystemSynchronizedBuildFileExceptionSet;
			membershipExceptions = (
				Info.plist,
				ScreenSproutShieldAction.entitlements,
			);
			target = F8FA00032F8C2192004A93C7 /* ScreenSproutShieldAction */;
		};
/* End PBXFileSystemSynchronizedBuildFileExceptionSet section */

/* Begin PBXFileSystemSynchronizedRootGroup section */
		C3DD2AE52F8C2192004A93C7 /* ScreenSprout */ = {
			isa = PBXFileSystemSynchronizedRootGroup;
			path = ScreenSprout;
			sourceTree = "<group>";
		};
		F8AB00012F8C2192004A93C7 /* Shared */ = {
			isa = PBXFileSystemSynchronizedRootGroup;
			path = Shared;
			sourceTree = "<group>";
		};
		F8DA00022F8C2192004A93C7 /* ScreenSproutDeviceActivityMonitor */ = {
			isa = PBXFileSystemSynchronizedRootGroup;
			exceptions = (
				F8DA000D2F8C2192004A93C7 /* Exceptions for "ScreenSproutDeviceActivityMonitor" folder in "ScreenSproutDeviceActivityMonitor" target */,
			);
			path = ScreenSproutDeviceActivityMonitor;
			sourceTree = "<group>";
		};
		F8FC00022F8C2192004A93C7 /* ScreenSproutShieldConfiguration */ = {
			isa = PBXFileSystemSynchronizedRootGroup;
			exceptions = (
				F8FC000D2F8C2192004A93C7 /* Exceptions for "ScreenSproutShieldConfiguration" folder in "ScreenSproutShieldConfiguration" target */,
			);
			path = ScreenSproutShieldConfiguration;
			sourceTree = "<group>";
		};
		F8FA00022F8C2192004A93C7 /* ScreenSproutShieldAction */ = {
			isa = PBXFileSystemSynchronizedRootGroup;
			exceptions = (
				F8FA000D2F8C2192004A93C7 /* Exceptions for "ScreenSproutShieldAction" folder in "ScreenSproutShieldAction" target */,
			);
			path = ScreenSproutShieldAction;
			sourceTree = "<group>";
		};
/* End PBXFileSystemSynchronizedRootGroup section */

/* Begin PBXFrameworksBuildPhase section */
		C3DD2AE02F8C2192004A93C7 /* Frameworks */ = {
			isa = PBXFrameworksBuildPhase;
			buildActionMask = 2147483647;
			files = (
			);
			runOnlyForDeploymentPostprocessing = 0;
		};
		F8DA00052F8C2192004A93C7 /* Frameworks */ = {
			isa = PBXFrameworksBuildPhase;
			buildActionMask = 2147483647;
			files = (
				F8DA00102F8C2192004A93C7 /* DeviceActivity.framework in Frameworks */,
				F8DA00112F8C2192004A93C7 /* FamilyControls.framework in Frameworks */,
				F8DA00122F8C2192004A93C7 /* ManagedSettings.framework in Frameworks */,
			);
			runOnlyForDeploymentPostprocessing = 0;
		};
		F8FC00052F8C2192004A93C7 /* Frameworks */ = {
			isa = PBXFrameworksBuildPhase;
			buildActionMask = 2147483647;
			files = (
				F8FC00102F8C2192004A93C7 /* FamilyControls.framework in Frameworks */,
				F8FC00112F8C2192004A93C7 /* ManagedSettings.framework in Frameworks */,
			);
			runOnlyForDeploymentPostprocessing = 0;
		};
		F8FA00052F8C2192004A93C7 /* Frameworks */ = {
			isa = PBXFrameworksBuildPhase;
			buildActionMask = 2147483647;
			files = (
				F8FA00102F8C2192004A93C7 /* FamilyControls.framework in Frameworks */,
				F8FA00112F8C2192004A93C7 /* ManagedSettings.framework in Frameworks */,
			);
			runOnlyForDeploymentPostprocessing = 0;
		};
/* End PBXFrameworksBuildPhase section */

/* Begin PBXGroup section */
		C3DD2ADA2F8C2192004A93C7 = {
			isa = PBXGroup;
			children = (
				C3DD2AE52F8C2192004A93C7 /* ScreenSprout */,
				F8AB00012F8C2192004A93C7 /* Shared */,
				F8DA00022F8C2192004A93C7 /* ScreenSproutDeviceActivityMonitor */,
				F8FC00022F8C2192004A93C7 /* ScreenSproutShieldConfiguration */,
				F8FA00022F8C2192004A93C7 /* ScreenSproutShieldAction */,
				F8AB00202F8C2192004A93C7 /* Frameworks */,
				C3DD2AE42F8C2192004A93C7 /* Products */,
			);
			sourceTree = "<group>";
		};
		C3DD2AE42F8C2192004A93C7 /* Products */ = {
			isa = PBXGroup;
			children = (
				C3DD2AE32F8C2192004A93C7 /* ScreenSprout.app */,
				F8DA00012F8C2192004A93C7 /* ScreenSproutDeviceActivityMonitor.appex */,
				F8FC00012F8C2192004A93C7 /* ScreenSproutShieldConfiguration.appex */,
				F8FA00012F8C2192004A93C7 /* ScreenSproutShieldAction.appex */,
			);
			name = Products;
			sourceTree = "<group>";
		};
	F8AB00202F8C2192004A93C7 /* Frameworks */ = {
			isa = PBXGroup;
			children = (
				F8AB00102F8C2192004A93C7 /* DeviceActivity.framework */,
				F8AB00112F8C2192004A93C7 /* FamilyControls.framework */,
				F8AB00122F8C2192004A93C7 /* ManagedSettings.framework */,
			);
			name = Frameworks;
			sourceTree = "<group>";
		};
/* End PBXGroup section */

/* Begin PBXNativeTarget section */
		C3DD2AE22F8C2192004A93C7 /* ScreenSprout */ = {
			isa = PBXNativeTarget;
			buildConfigurationList = C3DD2AEE2F8C2193004A93C7 /* Build configuration list for PBXNativeTarget "ScreenSprout" */;
			buildPhases = (
				C3DD2ADF2F8C2192004A93C7 /* Sources */,
				C3DD2AE02F8C2192004A93C7 /* Frameworks */,
				C3DD2AE12F8C2192004A93C7 /* Resources */,
				F8DE00012F8C2192004A93C7 /* Embed App Extensions */,
			);
			buildRules = (
			);
			dependencies = (
				F8DA00082F8C2192004A93C7 /* PBXTargetDependency */,
				F8FC00082F8C2192004A93C7 /* PBXTargetDependency */,
				F8FA00082F8C2192004A93C7 /* PBXTargetDependency */,
			);
			fileSystemSynchronizedGroups = (
				C3DD2AE52F8C2192004A93C7 /* ScreenSprout */,
				F8AB00012F8C2192004A93C7 /* Shared */,
			);
			name = ScreenSprout;
			packageProductDependencies = (
			);
			productName = ScreenSprout;
			productReference = C3DD2AE32F8C2192004A93C7 /* ScreenSprout.app */;
			productType = "com.apple.product-type.application";
		};
		F8DA00032F8C2192004A93C7 /* ScreenSproutDeviceActivityMonitor */ = {
			isa = PBXNativeTarget;
			buildConfigurationList = F8DA000C2F8C2192004A93C7 /* Build configuration list for PBXNativeTarget "ScreenSproutDeviceActivityMonitor" */;
			buildPhases = (
				F8DA00042F8C2192004A93C7 /* Sources */,
				F8DA00052F8C2192004A93C7 /* Frameworks */,
				F8DA00062F8C2192004A93C7 /* Resources */,
			);
			buildRules = (
			);
			dependencies = (
			);
			fileSystemSynchronizedGroups = (
				F8DA00022F8C2192004A93C7 /* ScreenSproutDeviceActivityMonitor */,
				F8AB00012F8C2192004A93C7 /* Shared */,
			);
			name = ScreenSproutDeviceActivityMonitor;
			packageProductDependencies = (
			);
			productName = ScreenSproutDeviceActivityMonitor;
			productReference = F8DA00012F8C2192004A93C7 /* ScreenSproutDeviceActivityMonitor.appex */;
			productType = "com.apple.product-type.app-extension";
		};
		F8FC00032F8C2192004A93C7 /* ScreenSproutShieldConfiguration */ = {
			isa = PBXNativeTarget;
			buildConfigurationList = F8FC000C2F8C2192004A93C7 /* Build configuration list for PBXNativeTarget "ScreenSproutShieldConfiguration" */;
			buildPhases = (
				F8FC00042F8C2192004A93C7 /* Sources */,
				F8FC00052F8C2192004A93C7 /* Frameworks */,
				F8FC00062F8C2192004A93C7 /* Resources */,
			);
			buildRules = (
			);
			dependencies = (
			);
			fileSystemSynchronizedGroups = (
				F8FC00022F8C2192004A93C7 /* ScreenSproutShieldConfiguration */,
				F8AB00012F8C2192004A93C7 /* Shared */,
			);
			name = ScreenSproutShieldConfiguration;
			packageProductDependencies = (
			);
			productName = ScreenSproutShieldConfiguration;
			productReference = F8FC00012F8C2192004A93C7 /* ScreenSproutShieldConfiguration.appex */;
			productType = "com.apple.product-type.app-extension";
		};
		F8FA00032F8C2192004A93C7 /* ScreenSproutShieldAction */ = {
			isa = PBXNativeTarget;
			buildConfigurationList = F8FA000C2F8C2192004A93C7 /* Build configuration list for PBXNativeTarget "ScreenSproutShieldAction" */;
			buildPhases = (
				F8FA00042F8C2192004A93C7 /* Sources */,
				F8FA00052F8C2192004A93C7 /* Frameworks */,
				F8FA00062F8C2192004A93C7 /* Resources */,
			);
			buildRules = (
			);
			dependencies = (
			);
			fileSystemSynchronizedGroups = (
				F8FA00022F8C2192004A93C7 /* ScreenSproutShieldAction */,
				F8AB00012F8C2192004A93C7 /* Shared */,
			);
			name = ScreenSproutShieldAction;
			packageProductDependencies = (
			);
			productName = ScreenSproutShieldAction;
			productReference = F8FA00012F8C2192004A93C7 /* ScreenSproutShieldAction.appex */;
			productType = "com.apple.product-type.app-extension";
		};
/* End PBXNativeTarget section */

/* Begin PBXProject section */
		C3DD2ADB2F8C2192004A93C7 /* Project object */ = {
			isa = PBXProject;
			attributes = {
				BuildIndependentTargetsInParallel = 1;
				LastSwiftUpdateCheck = 2640;
				LastUpgradeCheck = 2640;
				TargetAttributes = {
					C3DD2AE22F8C2192004A93C7 = {
						CreatedOnToolsVersion = 26.4;
					};
					F8DA00032F8C2192004A93C7 = {
						CreatedOnToolsVersion = 26.4;
					};
					F8FC00032F8C2192004A93C7 = {
						CreatedOnToolsVersion = 26.4;
					};
					F8FA00032F8C2192004A93C7 = {
						CreatedOnToolsVersion = 26.4;
					};
				};
			};
			buildConfigurationList = C3DD2ADE2F8C2192004A93C7 /* Build configuration list for PBXProject "ScreenSprout" */;
			developmentRegion = en;
			hasScannedForEncodings = 0;
			knownRegions = (
				en,
				Base,
			);
			mainGroup = C3DD2ADA2F8C2192004A93C7;
			minimizedProjectReferenceProxies = 1;
			preferredProjectObjectVersion = 77;
			productRefGroup = C3DD2AE42F8C2192004A93C7 /* Products */;
			projectDirPath = "";
			projectRoot = "";
			targets = (
				C3DD2AE22F8C2192004A93C7 /* ScreenSprout */,
				F8DA00032F8C2192004A93C7 /* ScreenSproutDeviceActivityMonitor */,
				F8FC00032F8C2192004A93C7 /* ScreenSproutShieldConfiguration */,
				F8FA00032F8C2192004A93C7 /* ScreenSproutShieldAction */,
			);
		};
/* End PBXProject section */

/* Begin PBXResourcesBuildPhase section */
		C3DD2AE12F8C2192004A93C7 /* Resources */ = {
			isa = PBXResourcesBuildPhase;
			buildActionMask = 2147483647;
			files = (
			);
			runOnlyForDeploymentPostprocessing = 0;
		};
		F8DA00062F8C2192004A93C7 /* Resources */ = {
			isa = PBXResourcesBuildPhase;
			buildActionMask = 2147483647;
			files = (
			);
			runOnlyForDeploymentPostprocessing = 0;
		};
		F8FC00062F8C2192004A93C7 /* Resources */ = {
			isa = PBXResourcesBuildPhase;
			buildActionMask = 2147483647;
			files = (
			);
			runOnlyForDeploymentPostprocessing = 0;
		};
		F8FA00062F8C2192004A93C7 /* Resources */ = {
			isa = PBXResourcesBuildPhase;
			buildActionMask = 2147483647;
			files = (
			);
			runOnlyForDeploymentPostprocessing = 0;
		};
/* End PBXResourcesBuildPhase section */

/* Begin PBXSourcesBuildPhase section */
		C3DD2ADF2F8C2192004A93C7 /* Sources */ = {
			isa = PBXSourcesBuildPhase;
			buildActionMask = 2147483647;
			files = (
			);
			runOnlyForDeploymentPostprocessing = 0;
		};
		F8DA00042F8C2192004A93C7 /* Sources */ = {
			isa = PBXSourcesBuildPhase;
			buildActionMask = 2147483647;
			files = (
			);
			runOnlyForDeploymentPostprocessing = 0;
		};
		F8FC00042F8C2192004A93C7 /* Sources */ = {
			isa = PBXSourcesBuildPhase;
			buildActionMask = 2147483647;
			files = (
			);
			runOnlyForDeploymentPostprocessing = 0;
		};
		F8FA00042F8C2192004A93C7 /* Sources */ = {
			isa = PBXSourcesBuildPhase;
			buildActionMask = 2147483647;
			files = (
			);
			runOnlyForDeploymentPostprocessing = 0;
		};
/* End PBXSourcesBuildPhase section */

/* Begin PBXTargetDependency section */
		F8DA00082F8C2192004A93C7 /* PBXTargetDependency */ = {
			isa = PBXTargetDependency;
			target = F8DA00032F8C2192004A93C7 /* ScreenSproutDeviceActivityMonitor */;
			targetProxy = F8DA00072F8C2192004A93C7 /* PBXContainerItemProxy */;
		};
		F8FC00082F8C2192004A93C7 /* PBXTargetDependency */ = {
			isa = PBXTargetDependency;
			target = F8FC00032F8C2192004A93C7 /* ScreenSproutShieldConfiguration */;
			targetProxy = F8FC00072F8C2192004A93C7 /* PBXContainerItemProxy */;
		};
		F8FA00082F8C2192004A93C7 /* PBXTargetDependency */ = {
			isa = PBXTargetDependency;
			target = F8FA00032F8C2192004A93C7 /* ScreenSproutShieldAction */;
			targetProxy = F8FA00072F8C2192004A93C7 /* PBXContainerItemProxy */;
		};
/* End PBXTargetDependency section */

/* Begin XCBuildConfiguration section */
		C3DD2AEC2F8C2193004A93C7 /* Debug */ = {
			isa = XCBuildConfiguration;
			buildSettings = {
				ALWAYS_SEARCH_USER_PATHS = NO;
				ASSETCATALOG_COMPILER_GENERATE_SWIFT_ASSET_SYMBOL_EXTENSIONS = YES;
				CLANG_ANALYZER_NONNULL = YES;
				CLANG_ANALYZER_NUMBER_OBJECT_CONVERSION = YES_AGGRESSIVE;
				CLANG_CXX_LANGUAGE_STANDARD = "gnu++20";
				CLANG_ENABLE_MODULES = YES;
				CLANG_ENABLE_OBJC_ARC = YES;
				CLANG_ENABLE_OBJC_WEAK = YES;
				CLANG_WARN_BLOCK_CAPTURE_AUTORELEASING = YES;
				CLANG_WARN_BOOL_CONVERSION = YES;
				CLANG_WARN_COMMA = YES;
				CLANG_WARN_CONSTANT_CONVERSION = YES;
				CLANG_WARN_DEPRECATED_OBJC_IMPLEMENTATIONS = YES;
				CLANG_WARN_DIRECT_OBJC_ISA_USAGE = YES_ERROR;
				CLANG_WARN_DOCUMENTATION_COMMENTS = YES;
				CLANG_WARN_EMPTY_BODY = YES;
				CLANG_WARN_ENUM_CONVERSION = YES;
				CLANG_WARN_INFINITE_RECURSION = YES;
				CLANG_WARN_INT_CONVERSION = YES;
				CLANG_WARN_NON_LITERAL_NULL_CONVERSION = YES;
				CLANG_WARN_OBJC_IMPLICIT_RETAIN_SELF = YES;
				CLANG_WARN_OBJC_LITERAL_CONVERSION = YES;
				CLANG_WARN_OBJC_ROOT_CLASS = YES_ERROR;
				CLANG_WARN_QUOTED_INCLUDE_IN_FRAMEWORK_HEADER = YES;
				CLANG_WARN_RANGE_LOOP_ANALYSIS = YES;
				CLANG_WARN_STRICT_PROTOTYPES = YES;
				CLANG_WARN_SUSPICIOUS_MOVE = YES;
				CLANG_WARN_UNGUARDED_AVAILABILITY = YES_AGGRESSIVE;
				CLANG_WARN_UNREACHABLE_CODE = YES;
				CLANG_WARN__DUPLICATE_METHOD_MATCH = YES;
				COPY_PHASE_STRIP = NO;
				DEBUG_INFORMATION_FORMAT = dwarf;
				DEVELOPMENT_TEAM = HSU926VQ5L;
				ENABLE_STRICT_OBJC_MSGSEND = YES;
				ENABLE_TESTABILITY = YES;
				ENABLE_USER_SCRIPT_SANDBOXING = YES;
				GCC_C_LANGUAGE_STANDARD = gnu17;
				GCC_DYNAMIC_NO_PIC = NO;
				GCC_NO_COMMON_BLOCKS = YES;
				GCC_OPTIMIZATION_LEVEL = 0;
				GCC_PREPROCESSOR_DEFINITIONS = (
					"DEBUG=1",
					"$(inherited)",
				);
				GCC_WARN_64_TO_32_BIT_CONVERSION = YES;
				GCC_WARN_ABOUT_RETURN_TYPE = YES_ERROR;
				GCC_WARN_UNDECLARED_SELECTOR = YES;
				GCC_WARN_UNINITIALIZED_AUTOS = YES_AGGRESSIVE;
				GCC_WARN_UNUSED_FUNCTION = YES;
				GCC_WARN_UNUSED_VARIABLE = YES;
				LOCALIZATION_PREFERS_STRING_CATALOGS = YES;
				MTL_ENABLE_DEBUG_INFO = INCLUDE_SOURCE;
				MTL_FAST_MATH = YES;
				ONLY_ACTIVE_ARCH = YES;
				SWIFT_ACTIVE_COMPILATION_CONDITIONS = "DEBUG $(inherited)";
				SWIFT_OPTIMIZATION_LEVEL = "-Onone";
			};
			name = Debug;
		};
		C3DD2AED2F8C2193004A93C7 /* Release */ = {
			isa = XCBuildConfiguration;
			buildSettings = {
				ALWAYS_SEARCH_USER_PATHS = NO;
				ASSETCATALOG_COMPILER_GENERATE_SWIFT_ASSET_SYMBOL_EXTENSIONS = YES;
				CLANG_ANALYZER_NONNULL = YES;
				CLANG_ANALYZER_NUMBER_OBJECT_CONVERSION = YES_AGGRESSIVE;
				CLANG_CXX_LANGUAGE_STANDARD = "gnu++20";
				CLANG_ENABLE_MODULES = YES;
				CLANG_ENABLE_OBJC_ARC = YES;
				CLANG_ENABLE_OBJC_WEAK = YES;
				CLANG_WARN_BLOCK_CAPTURE_AUTORELEASING = YES;
				CLANG_WARN_BOOL_CONVERSION = YES;
				CLANG_WARN_COMMA = YES;
				CLANG_WARN_CONSTANT_CONVERSION = YES;
				CLANG_WARN_DEPRECATED_OBJC_IMPLEMENTATIONS = YES;
				CLANG_WARN_DIRECT_OBJC_ISA_USAGE = YES_ERROR;
				CLANG_WARN_DOCUMENTATION_COMMENTS = YES;
				CLANG_WARN_EMPTY_BODY = YES;
				CLANG_WARN_ENUM_CONVERSION = YES;
				CLANG_WARN_INFINITE_RECURSION = YES;
				CLANG_WARN_INT_CONVERSION = YES;
				CLANG_WARN_NON_LITERAL_NULL_CONVERSION = YES;
				CLANG_WARN_OBJC_IMPLICIT_RETAIN_SELF = YES;
				CLANG_WARN_OBJC_LITERAL_CONVERSION = YES;
				CLANG_WARN_OBJC_ROOT_CLASS = YES_ERROR;
				CLANG_WARN_QUOTED_INCLUDE_IN_FRAMEWORK_HEADER = YES;
				CLANG_WARN_RANGE_LOOP_ANALYSIS = YES;
				CLANG_WARN_STRICT_PROTOTYPES = YES;
				CLANG_WARN_SUSPICIOUS_MOVE = YES;
				CLANG_WARN_UNGUARDED_AVAILABILITY = YES_AGGRESSIVE;
				CLANG_WARN_UNREACHABLE_CODE = YES;
				CLANG_WARN__DUPLICATE_METHOD_MATCH = YES;
				COPY_PHASE_STRIP = NO;
				DEBUG_INFORMATION_FORMAT = "dwarf-with-dsym";
				DEVELOPMENT_TEAM = HSU926VQ5L;
				ENABLE_NS_ASSERTIONS = NO;
				ENABLE_STRICT_OBJC_MSGSEND = YES;
				ENABLE_USER_SCRIPT_SANDBOXING = YES;
				GCC_C_LANGUAGE_STANDARD = gnu17;
				GCC_NO_COMMON_BLOCKS = YES;
				GCC_WARN_64_TO_32_BIT_CONVERSION = YES;
				GCC_WARN_ABOUT_RETURN_TYPE = YES_ERROR;
				GCC_WARN_UNDECLARED_SELECTOR = YES;
				GCC_WARN_UNINITIALIZED_AUTOS = YES_AGGRESSIVE;
				GCC_WARN_UNUSED_FUNCTION = YES;
				GCC_WARN_UNUSED_VARIABLE = YES;
				LOCALIZATION_PREFERS_STRING_CATALOGS = YES;
				MTL_ENABLE_DEBUG_INFO = NO;
				MTL_FAST_MATH = YES;
				SWIFT_COMPILATION_MODE = wholemodule;
			};
			name = Release;
		};
		C3DD2AEF2F8C2193004A93C7 /* Debug */ = {
			isa = XCBuildConfiguration;
			buildSettings = {
				ASSETCATALOG_COMPILER_APPICON_NAME = AppIcon;
				ASSETCATALOG_COMPILER_GLOBAL_ACCENT_COLOR_NAME = AccentColor;
				AUTOMATION_APPLE_EVENTS = NO;
				CODE_SIGN_ENTITLEMENTS = ScreenSprout/ScreenSprout.entitlements;
				CODE_SIGN_STYLE = Automatic;
				CURRENT_PROJECT_VERSION = 1;
				DEVELOPMENT_TEAM = HSU926VQ5L;
				ENABLE_APP_SANDBOX = YES;
				ENABLE_HARDENED_RUNTIME = YES;
				ENABLE_INCOMING_NETWORK_CONNECTIONS = YES;
				ENABLE_OUTGOING_NETWORK_CONNECTIONS = YES;
				ENABLE_PREVIEWS = YES;
				ENABLE_RESOURCE_ACCESS_AUDIO_INPUT = NO;
				ENABLE_RESOURCE_ACCESS_BLUETOOTH = NO;
				ENABLE_RESOURCE_ACCESS_CALENDARS = NO;
				ENABLE_RESOURCE_ACCESS_CAMERA = NO;
				ENABLE_RESOURCE_ACCESS_CONTACTS = NO;
				ENABLE_RESOURCE_ACCESS_LOCATION = YES;
				ENABLE_RESOURCE_ACCESS_PHOTO_LIBRARY = NO;
				ENABLE_RESOURCE_ACCESS_PRINTING = NO;
				ENABLE_RESOURCE_ACCESS_USB = NO;
				ENABLE_USER_SELECTED_FILES = readonly;
				GENERATE_INFOPLIST_FILE = YES;
				INFOPLIST_KEY_LSApplicationCategoryType = "public.app-category.healthcare-fitness";
				"INFOPLIST_KEY_UIApplicationSceneManifest_Generation[sdk=iphoneos*]" = YES;
				"INFOPLIST_KEY_UIApplicationSceneManifest_Generation[sdk=iphonesimulator*]" = YES;
				"INFOPLIST_KEY_UIApplicationSupportsIndirectInputEvents[sdk=iphoneos*]" = YES;
				"INFOPLIST_KEY_UIApplicationSupportsIndirectInputEvents[sdk=iphonesimulator*]" = YES;
				"INFOPLIST_KEY_UILaunchScreen_Generation[sdk=iphoneos*]" = YES;
				"INFOPLIST_KEY_UILaunchScreen_Generation[sdk=iphonesimulator*]" = YES;
				"INFOPLIST_KEY_UIStatusBarStyle[sdk=iphoneos*]" = UIStatusBarStyleDefault;
				"INFOPLIST_KEY_UIStatusBarStyle[sdk=iphonesimulator*]" = UIStatusBarStyleDefault;
				INFOPLIST_KEY_UISupportedInterfaceOrientations_iPad = "UIInterfaceOrientationPortrait UIInterfaceOrientationPortraitUpsideDown UIInterfaceOrientationLandscapeLeft UIInterfaceOrientationLandscapeRight";
				INFOPLIST_KEY_UISupportedInterfaceOrientations_iPhone = "UIInterfaceOrientationPortrait UIInterfaceOrientationLandscapeLeft UIInterfaceOrientationLandscapeRight";
				IPHONEOS_DEPLOYMENT_TARGET = 26.4;
				LD_RUNPATH_SEARCH_PATHS = "@executable_path/Frameworks";
				"LD_RUNPATH_SEARCH_PATHS[sdk=macosx*]" = "@executable_path/../Frameworks";
				MACOSX_DEPLOYMENT_TARGET = 26.4;
				MARKETING_VERSION = 1.0;
				PRODUCT_BUNDLE_IDENTIFIER = ScreenSprout.ScreenSprout;
				PRODUCT_NAME = "$(TARGET_NAME)";
				REGISTER_APP_GROUPS = YES;
				RUNTIME_EXCEPTION_ALLOW_DYLD_ENVIRONMENT_VARIABLES = NO;
				RUNTIME_EXCEPTION_ALLOW_JIT = NO;
				RUNTIME_EXCEPTION_ALLOW_UNSIGNED_EXECUTABLE_MEMORY = NO;
				RUNTIME_EXCEPTION_DEBUGGING_TOOL = NO;
				RUNTIME_EXCEPTION_DISABLE_EXECUTABLE_PAGE_PROTECTION = NO;
				RUNTIME_EXCEPTION_DISABLE_LIBRARY_VALIDATION = NO;
				SDKROOT = auto;
				STRING_CATALOG_GENERATE_SYMBOLS = YES;
				SUPPORTED_PLATFORMS = "iphoneos iphonesimulator macosx xros xrsimulator";
				SWIFT_APPROACHABLE_CONCURRENCY = YES;
				SWIFT_DEFAULT_ACTOR_ISOLATION = MainActor;
				SWIFT_EMIT_LOC_STRINGS = YES;
				SWIFT_UPCOMING_FEATURE_MEMBER_IMPORT_VISIBILITY = YES;
				SWIFT_VERSION = 5.0;
				TARGETED_DEVICE_FAMILY = "1,2,7";
				XROS_DEPLOYMENT_TARGET = 26.4;
			};
			name = Debug;
		};
		C3DD2AF02F8C2193004A93C7 /* Release */ = {
			isa = XCBuildConfiguration;
			buildSettings = {
				ASSETCATALOG_COMPILER_APPICON_NAME = AppIcon;
				ASSETCATALOG_COMPILER_GLOBAL_ACCENT_COLOR_NAME = AccentColor;
				AUTOMATION_APPLE_EVENTS = NO;
				CODE_SIGN_ENTITLEMENTS = ScreenSprout/ScreenSprout.entitlements;
				CODE_SIGN_STYLE = Automatic;
				CURRENT_PROJECT_VERSION = 1;
				DEVELOPMENT_TEAM = HSU926VQ5L;
				ENABLE_APP_SANDBOX = YES;
				ENABLE_HARDENED_RUNTIME = YES;
				ENABLE_INCOMING_NETWORK_CONNECTIONS = YES;
				ENABLE_OUTGOING_NETWORK_CONNECTIONS = YES;
				ENABLE_PREVIEWS = YES;
				ENABLE_RESOURCE_ACCESS_AUDIO_INPUT = NO;
				ENABLE_RESOURCE_ACCESS_BLUETOOTH = NO;
				ENABLE_RESOURCE_ACCESS_CALENDARS = NO;
				ENABLE_RESOURCE_ACCESS_CAMERA = NO;
				ENABLE_RESOURCE_ACCESS_CONTACTS = NO;
				ENABLE_RESOURCE_ACCESS_LOCATION = YES;
				ENABLE_RESOURCE_ACCESS_PHOTO_LIBRARY = NO;
				ENABLE_RESOURCE_ACCESS_PRINTING = NO;
				ENABLE_RESOURCE_ACCESS_USB = NO;
				ENABLE_USER_SELECTED_FILES = readonly;
				GENERATE_INFOPLIST_FILE = YES;
				INFOPLIST_KEY_LSApplicationCategoryType = "public.app-category.healthcare-fitness";
				"INFOPLIST_KEY_UIApplicationSceneManifest_Generation[sdk=iphoneos*]" = YES;
				"INFOPLIST_KEY_UIApplicationSceneManifest_Generation[sdk=iphonesimulator*]" = YES;
				"INFOPLIST_KEY_UIApplicationSupportsIndirectInputEvents[sdk=iphoneos*]" = YES;
				"INFOPLIST_KEY_UIApplicationSupportsIndirectInputEvents[sdk=iphonesimulator*]" = YES;
				"INFOPLIST_KEY_UILaunchScreen_Generation[sdk=iphoneos*]" = YES;
				"INFOPLIST_KEY_UILaunchScreen_Generation[sdk=iphonesimulator*]" = YES;
				"INFOPLIST_KEY_UIStatusBarStyle[sdk=iphoneos*]" = UIStatusBarStyleDefault;
				"INFOPLIST_KEY_UIStatusBarStyle[sdk=iphonesimulator*]" = UIStatusBarStyleDefault;
				INFOPLIST_KEY_UISupportedInterfaceOrientations_iPad = "UIInterfaceOrientationPortrait UIInterfaceOrientationPortraitUpsideDown UIInterfaceOrientationLandscapeLeft UIInterfaceOrientationLandscapeRight";
				INFOPLIST_KEY_UISupportedInterfaceOrientations_iPhone = "UIInterfaceOrientationPortrait UIInterfaceOrientationLandscapeLeft UIInterfaceOrientationLandscapeRight";
				IPHONEOS_DEPLOYMENT_TARGET = 26.4;
				LD_RUNPATH_SEARCH_PATHS = "@executable_path/Frameworks";
				"LD_RUNPATH_SEARCH_PATHS[sdk=macosx*]" = "@executable_path/../Frameworks";
				MACOSX_DEPLOYMENT_TARGET = 26.4;
				MARKETING_VERSION = 1.0;
				PRODUCT_BUNDLE_IDENTIFIER = ScreenSprout.ScreenSprout;
				PRODUCT_NAME = "$(TARGET_NAME)";
				REGISTER_APP_GROUPS = YES;
				RUNTIME_EXCEPTION_ALLOW_DYLD_ENVIRONMENT_VARIABLES = NO;
				RUNTIME_EXCEPTION_ALLOW_JIT = NO;
				RUNTIME_EXCEPTION_ALLOW_UNSIGNED_EXECUTABLE_MEMORY = NO;
				RUNTIME_EXCEPTION_DEBUGGING_TOOL = NO;
				RUNTIME_EXCEPTION_DISABLE_EXECUTABLE_PAGE_PROTECTION = NO;
				RUNTIME_EXCEPTION_DISABLE_LIBRARY_VALIDATION = NO;
				SDKROOT = auto;
				STRING_CATALOG_GENERATE_SYMBOLS = YES;
				SUPPORTED_PLATFORMS = "iphoneos iphonesimulator macosx xros xrsimulator";
				SWIFT_APPROACHABLE_CONCURRENCY = YES;
				SWIFT_DEFAULT_ACTOR_ISOLATION = MainActor;
				SWIFT_EMIT_LOC_STRINGS = YES;
				SWIFT_UPCOMING_FEATURE_MEMBER_IMPORT_VISIBILITY = YES;
				SWIFT_VERSION = 5.0;
				TARGETED_DEVICE_FAMILY = "1,2,7";
				XROS_DEPLOYMENT_TARGET = 26.4;
			};
			name = Release;
		};
		F8DA000A2F8C2193004A93C7 /* Debug */ = {
			isa = XCBuildConfiguration;
			buildSettings = {
				APPLICATION_EXTENSION_API_ONLY = YES;
				CODE_SIGN_ENTITLEMENTS = ScreenSproutDeviceActivityMonitor/ScreenSproutDeviceActivityMonitor.entitlements;
				GENERATE_INFOPLIST_FILE = NO;
				CODE_SIGN_STYLE = Automatic;
				CURRENT_PROJECT_VERSION = 1;
				DEVELOPMENT_TEAM = HSU926VQ5L;
				ENABLE_APP_SANDBOX = YES;
				INFOPLIST_FILE = ScreenSproutDeviceActivityMonitor/Info.plist;
				IPHONEOS_DEPLOYMENT_TARGET = 26.4;
				LD_RUNPATH_SEARCH_PATHS = (
					"@executable_path/Frameworks",
					"@executable_path/../../Frameworks",
				);
				MARKETING_VERSION = 1.0;
				PRODUCT_BUNDLE_IDENTIFIER = ScreenSprout.ScreenSproutDeviceActivityMonitor;
				PRODUCT_NAME = "$(TARGET_NAME)";
				SDKROOT = iphoneos;
				SUPPORTED_PLATFORMS = "iphoneos iphonesimulator";
				SWIFT_EMIT_LOC_STRINGS = YES;
				SWIFT_VERSION = 5.0;
				TARGETED_DEVICE_FAMILY = "1,2";
			};
			name = Debug;
		};
		F8DA000B2F8C2193004A93C7 /* Release */ = {
			isa = XCBuildConfiguration;
			buildSettings = {
				APPLICATION_EXTENSION_API_ONLY = YES;
				CODE_SIGN_ENTITLEMENTS = ScreenSproutDeviceActivityMonitor/ScreenSproutDeviceActivityMonitor.entitlements;
				GENERATE_INFOPLIST_FILE = NO;
				CODE_SIGN_STYLE = Automatic;
				CURRENT_PROJECT_VERSION = 1;
				DEVELOPMENT_TEAM = HSU926VQ5L;
				ENABLE_APP_SANDBOX = YES;
				INFOPLIST_FILE = ScreenSproutDeviceActivityMonitor/Info.plist;
				IPHONEOS_DEPLOYMENT_TARGET = 26.4;
				LD_RUNPATH_SEARCH_PATHS = (
					"@executable_path/Frameworks",
					"@executable_path/../../Frameworks",
				);
				MARKETING_VERSION = 1.0;
				PRODUCT_BUNDLE_IDENTIFIER = ScreenSprout.ScreenSproutDeviceActivityMonitor;
				PRODUCT_NAME = "$(TARGET_NAME)";
				SDKROOT = iphoneos;
				SUPPORTED_PLATFORMS = "iphoneos iphonesimulator";
				SWIFT_EMIT_LOC_STRINGS = YES;
				SWIFT_VERSION = 5.0;
				TARGETED_DEVICE_FAMILY = "1,2";
			};
			name = Release;
		};
		F8FC000A2F8C2193004A93C7 /* Debug */ = {
			isa = XCBuildConfiguration;
			buildSettings = {
				APPLICATION_EXTENSION_API_ONLY = YES;
				CODE_SIGN_ENTITLEMENTS = ScreenSproutShieldConfiguration/ScreenSproutShieldConfiguration.entitlements;
				CODE_SIGN_STYLE = Automatic;
				CURRENT_PROJECT_VERSION = 1;
				DEVELOPMENT_TEAM = HSU926VQ5L;
				ENABLE_APP_SANDBOX = YES;
				GENERATE_INFOPLIST_FILE = NO;
				INFOPLIST_FILE = ScreenSproutShieldConfiguration/Info.plist;
				IPHONEOS_DEPLOYMENT_TARGET = 26.4;
				LD_RUNPATH_SEARCH_PATHS = (
					"@executable_path/Frameworks",
					"@executable_path/../../Frameworks",
				);
				MARKETING_VERSION = 1.0;
				PRODUCT_BUNDLE_IDENTIFIER = ScreenSprout.ScreenSproutShieldConfiguration;
				PRODUCT_NAME = "$(TARGET_NAME)";
				SDKROOT = iphoneos;
				SUPPORTED_PLATFORMS = "iphoneos iphonesimulator";
				SWIFT_EMIT_LOC_STRINGS = YES;
				SWIFT_VERSION = 5.0;
				TARGETED_DEVICE_FAMILY = "1,2";
			};
			name = Debug;
		};
		F8FC000B2F8C2193004A93C7 /* Release */ = {
			isa = XCBuildConfiguration;
			buildSettings = {
				APPLICATION_EXTENSION_API_ONLY = YES;
				CODE_SIGN_ENTITLEMENTS = ScreenSproutShieldConfiguration/ScreenSproutShieldConfiguration.entitlements;
				CODE_SIGN_STYLE = Automatic;
				CURRENT_PROJECT_VERSION = 1;
				DEVELOPMENT_TEAM = HSU926VQ5L;
				ENABLE_APP_SANDBOX = YES;
				GENERATE_INFOPLIST_FILE = NO;
				INFOPLIST_FILE = ScreenSproutShieldConfiguration/Info.plist;
				IPHONEOS_DEPLOYMENT_TARGET = 26.4;
				LD_RUNPATH_SEARCH_PATHS = (
					"@executable_path/Frameworks",
					"@executable_path/../../Frameworks",
				);
				MARKETING_VERSION = 1.0;
				PRODUCT_BUNDLE_IDENTIFIER = ScreenSprout.ScreenSproutShieldConfiguration;
				PRODUCT_NAME = "$(TARGET_NAME)";
				SDKROOT = iphoneos;
				SUPPORTED_PLATFORMS = "iphoneos iphonesimulator";
				SWIFT_EMIT_LOC_STRINGS = YES;
				SWIFT_VERSION = 5.0;
				TARGETED_DEVICE_FAMILY = "1,2";
			};
			name = Release;
		};
		F8FA000A2F8C2193004A93C7 /* Debug */ = {
			isa = XCBuildConfiguration;
			buildSettings = {
				APPLICATION_EXTENSION_API_ONLY = YES;
				CODE_SIGN_ENTITLEMENTS = ScreenSproutShieldAction/ScreenSproutShieldAction.entitlements;
				CODE_SIGN_STYLE = Automatic;
				CURRENT_PROJECT_VERSION = 1;
				DEVELOPMENT_TEAM = HSU926VQ5L;
				ENABLE_APP_SANDBOX = YES;
				GENERATE_INFOPLIST_FILE = NO;
				INFOPLIST_FILE = ScreenSproutShieldAction/Info.plist;
				IPHONEOS_DEPLOYMENT_TARGET = 26.4;
				LD_RUNPATH_SEARCH_PATHS = (
					"@executable_path/Frameworks",
					"@executable_path/../../Frameworks",
				);
				MARKETING_VERSION = 1.0;
				PRODUCT_BUNDLE_IDENTIFIER = ScreenSprout.ScreenSproutShieldAction;
				PRODUCT_NAME = "$(TARGET_NAME)";
				SDKROOT = iphoneos;
				SUPPORTED_PLATFORMS = "iphoneos iphonesimulator";
				SWIFT_EMIT_LOC_STRINGS = YES;
				SWIFT_VERSION = 5.0;
				TARGETED_DEVICE_FAMILY = "1,2";
			};
			name = Debug;
		};
		F8FA000B2F8C2193004A93C7 /* Release */ = {
			isa = XCBuildConfiguration;
			buildSettings = {
				APPLICATION_EXTENSION_API_ONLY = YES;
				CODE_SIGN_ENTITLEMENTS = ScreenSproutShieldAction/ScreenSproutShieldAction.entitlements;
				CODE_SIGN_STYLE = Automatic;
				CURRENT_PROJECT_VERSION = 1;
				DEVELOPMENT_TEAM = HSU926VQ5L;
				ENABLE_APP_SANDBOX = YES;
				GENERATE_INFOPLIST_FILE = NO;
				INFOPLIST_FILE = ScreenSproutShieldAction/Info.plist;
				IPHONEOS_DEPLOYMENT_TARGET = 26.4;
				LD_RUNPATH_SEARCH_PATHS = (
					"@executable_path/Frameworks",
					"@executable_path/../../Frameworks",
				);
				MARKETING_VERSION = 1.0;
				PRODUCT_BUNDLE_IDENTIFIER = ScreenSprout.ScreenSproutShieldAction;
				PRODUCT_NAME = "$(TARGET_NAME)";
				SDKROOT = iphoneos;
				SUPPORTED_PLATFORMS = "iphoneos iphonesimulator";
				SWIFT_EMIT_LOC_STRINGS = YES;
				SWIFT_VERSION = 5.0;
				TARGETED_DEVICE_FAMILY = "1,2";
			};
			name = Release;
		};
/* End XCBuildConfiguration section */

/* Begin XCConfigurationList section */
		C3DD2ADE2F8C2192004A93C7 /* Build configuration list for PBXProject "ScreenSprout" */ = {
			isa = XCConfigurationList;
			buildConfigurations = (
				C3DD2AEC2F8C2193004A93C7 /* Debug */,
				C3DD2AED2F8C2193004A93C7 /* Release */,
			);
			defaultConfigurationIsVisible = 0;
			defaultConfigurationName = Release;
		};
		C3DD2AEE2F8C2193004A93C7 /* Build configuration list for PBXNativeTarget "ScreenSprout" */ = {
			isa = XCConfigurationList;
			buildConfigurations = (
				C3DD2AEF2F8C2193004A93C7 /* Debug */,
				C3DD2AF02F8C2193004A93C7 /* Release */,
			);
			defaultConfigurationIsVisible = 0;
			defaultConfigurationName = Release;
		};
		F8DA000C2F8C2192004A93C7 /* Build configuration list for PBXNativeTarget "ScreenSproutDeviceActivityMonitor" */ = {
			isa = XCConfigurationList;
			buildConfigurations = (
				F8DA000A2F8C2193004A93C7 /* Debug */,
				F8DA000B2F8C2193004A93C7 /* Release */,
			);
			defaultConfigurationIsVisible = 0;
			defaultConfigurationName = Release;
		};
		F8FC000C2F8C2192004A93C7 /* Build configuration list for PBXNativeTarget "ScreenSproutShieldConfiguration" */ = {
			isa = XCConfigurationList;
			buildConfigurations = (
				F8FC000A2F8C2193004A93C7 /* Debug */,
				F8FC000B2F8C2193004A93C7 /* Release */,
			);
			defaultConfigurationIsVisible = 0;
			defaultConfigurationName = Release;
		};
		F8FA000C2F8C2192004A93C7 /* Build configuration list for PBXNativeTarget "ScreenSproutShieldAction" */ = {
			isa = XCConfigurationList;
			buildConfigurations = (
				F8FA000A2F8C2193004A93C7 /* Debug */,
				F8FA000B2F8C2193004A93C7 /* Release */,
			);
			defaultConfigurationIsVisible = 0;
			defaultConfigurationName = Release;
		};
/* End XCConfigurationList section */
	};
	rootObject = C3DD2ADB2F8C2192004A93C7 /* Project object */;
}